
Microsoft Visual Studio Solution File, Format Version 12.00
# Visual Studio Version 16
VisualStudioVersion = 16.0.33214.272
MinimumVisualStudioVersion = 10.0.40219.1
Project("{FAE04EC0-301F-11D3-BF4B-00C04F79EFBC}") = "Streltsov_DZ2", "Streltsov_DZ2\Streltsov_DZ2.csproj", "{4D4CE0E8-EE02-40AE-A0BD-34F5CA2E8BB9}"
EndProject
Global
	GlobalSection(SolutionConfigurationPlatforms) = preSolution
		Debug|Any CPU = Debug|Any CPU
		Release|Any CPU = Release|Any CPU
	EndGlobalSection
	GlobalSection(ProjectConfigurationPlatforms) = postSolution
		{4D4CE0E8-EE02-40AE-A0BD-34F5CA2E8BB9}.Debug|Any CPU.ActiveCfg = Debug|Any CPU
		{4D4CE0E8-EE02-40AE-A0BD-34F5CA2E8BB9}.Debug|Any CPU.Build.0 = Debug|Any CPU
		{4D4CE0E8-EE02-40AE-A0BD-34F5CA2E8BB9}.Release|Any CPU.ActiveCfg = Release|Any CPU
		{4D4CE0E8-EE02-40AE-A0BD-34F5CA2E8BB9}.Release|Any CPU.Build.0 = Release|Any CPU
	EndGlobalSection
	GlobalSection(SolutionProperties) = preSolution
		HideSolutionNode = FALSE
	EndGlobalSection
	GlobalSection(ExtensibilityGlobals) = postSolution
		SolutionGuid = {4350104B-951C-4638-B8C0-DD983A3A038A}
	EndGlobalSection
EndGlobal
